
Microsoft Visual Studio Solution File, Format Version 12.00
# Visual Studio 15
VisualStudioVersion = 15.0.28307.136
MinimumVisualStudioVersion = 10.0.40219.1
Project("{9092AA53-FB77-4645-B42D-1CCCA6BD08BD}") = "Assignment1", "Assignment1\Assignment1.njsproj", "{B3525124-9DD0-4DA1-B4C7-1B9905D3D0DB}"
EndProject
Global
	GlobalSection(SolutionConfigurationPlatforms) = preSolution
		Debug|Any CPU = Debug|Any CPU
		Release|Any CPU = Release|Any CPU
	EndGlobalSection
	GlobalSection(ProjectConfigurationPlatforms) = postSolution
		{B3525124-9DD0-4DA1-B4C7-1B9905D3D0DB}.Debug|Any CPU.ActiveCfg = Debug|Any CPU
		{B3525124-9DD0-4DA1-B4C7-1B9905D3D0DB}.Debug|Any CPU.Build.0 = Debug|Any CPU
		{B3525124-9DD0-4DA1-B4C7-1B9905D3D0DB}.Release|Any CPU.ActiveCfg = Release|Any CPU
		{B3525124-9DD0-4DA1-B4C7-1B9905D3D0DB}.Release|Any CPU.Build.0 = Release|Any CPU
	EndGlobalSection
	GlobalSection(SolutionProperties) = preSolution
		HideSolutionNode = FALSE
	EndGlobalSection
	GlobalSection(ExtensibilityGlobals) = postSolution
		SolutionGuid = {E1672C55-DACF-45F4-B8D3-221D12D68902}
	EndGlobalSection
	GlobalSection(TeamFoundationVersionControl) = preSolution
		SccNumberOfProjects = 2
		SccEnterpriseProvider = {4CA58AB2-18FA-4F8D-95D4-32DDF27D184C}
		SccTeamFoundationServer = https://maigosrepos.visualstudio.com/
		SccLocalPath0 = .
		SccProjectUniqueName1 = Assignment1\\Assignment1.njsproj
		SccProjectName1 = Assignment1
		SccLocalPath1 = Assignment1
	EndGlobalSection
EndGlobal
